// !$*UTF8*$!
{
	archiveVersion = 1;
	classes = {
	};
	objectVersion = 50;
	objects = {

/* Begin PBXBuildFile section */
		92175BE421ED50DD00CED7C3 /* AppDelegate.swift in Sources */ = {isa = PBXBuildFile; fileRef = 92175BE321ED50DD00CED7C3 /* AppDelegate.swift */; };
		92175BE621ED50DD00CED7C3 /* ViewController.swift in Sources */ = {isa = PBXBuildFile; fileRef = 92175BE521ED50DD00CED7C3 /* ViewController.swift */; };
		92175BE921ED50DD00CED7C3 /* Main.storyboard in Resources */ = {isa = PBXBuildFile; fileRef = 92175BE721ED50DD00CED7C3 /* Main.storyboard */; };
		92175BEB21ED50DE00CED7C3 /* Assets.xcassets in Resources */ = {isa = PBXBuildFile; fileRef = 92175BEA21ED50DE00CED7C3 /* Assets.xcassets */; };
		92175BEE21ED50DE00CED7C3 /* LaunchScreen.storyboard in Resources */ = {isa = PBXBuildFile; fileRef = 92175BEC21ED50DE00CED7C3 /* LaunchScreen.storyboard */; };
		92175BF921ED50DE00CED7C3 /* FlixTests.swift in Sources */ = {isa = PBXBuildFile; fileRef = 92175BF821ED50DE00CED7C3 /* FlixTests.swift */; };
		92175C0421ED50DE00CED7C3 /* FlixUITests.swift in Sources */ = {isa = PBXBuildFile; fileRef = 92175C0321ED50DE00CED7C3 /* FlixUITests.swift */; };
/* End PBXBuildFile section */

/* Begin PBXContainerItemProxy section */
		92175BF521ED50DE00CED7C3 /* PBXContainerItemProxy */ = {
			isa = PBXContainerItemProxy;
			containerPortal = 92175BD821ED50DD00CED7C3 /* Project object */;
			proxyType = 1;
			remoteGlobalIDString = 92175BDF21ED50DD00CED7C3;
			remoteInfo = Flix;
		};
		92175C0021ED50DE00CED7C3 /* PBXContainerItemProxy */ = {
			isa = PBXContainerItemProxy;
			containerPortal = 92175BD821ED50DD00CED7C3 /* Project object */;
			proxyType = 1;
			remoteGlobalIDString = 92175BDF21ED50DD00CED7C3;
			remoteInfo = Flix;
		};
/* End PBXContainerItemProxy section */

/* Begin PBXFileReference section */
		92175BE021ED50DD00CED7C3 /* Flix.app */ = {isa = PBXFileReference; explicitFileType = wrapper.application; includeInIndex = 0; path = Flix.app; sourceTree = BUILT_PRODUCTS_DIR; };
		92175BE321ED50DD00CED7C3 /* AppDelegate.swift */ = {isa = PBXFileReference; lastKnownFileType = sourcecode.swift; path = AppDelegate.swift; sourceTree = "<group>"; };
		92175BE521ED50DD00CED7C3 /* ViewController.swift */ = {isa = PBXFileReference; lastKnownFileType = sourcecode.swift; path = ViewController.swift; sourceTree = "<group>"; };
		92175BE821ED50DD00CED7C3 /* Base */ = {isa = PBXFileReference; lastKnownFileType = file.storyboard; name = Base; path = Base.lproj/Main.storyboard; sourceTree = "<group>"; };
		92175BEA21ED50DE00CED7C3 /* Assets.xcassets */ = {isa = PBXFileReference; lastKnownFileType = folder.assetcatalog; path = Assets.xcassets; sourceTree = "<group>"; };
		92175BED21ED50DE00CED7C3 /* Base */ = {isa = PBXFileReference; lastKnownFileType = file.storyboard; name = Base; path = Base.lproj/LaunchScreen.storyboard; sourceTree = "<group>"; };
		92175BEF21ED50DE00CED7C3 /* Info.plist */ = {isa = PBXFileReference; lastKnownFileType = text.plist.xml; path = Info.plist; sourceTree = "<group>"; };
		92175BF421ED50DE00CED7C3 /* FlixTests.xctest */ = {isa = PBXFileReference; explicitFileType = wrapper.cfbundle; includeInIndex = 0; path = FlixTests.xctest; sourceTree = BUILT_PRODUCTS_DIR; };
		92175BF821ED50DE00CED7C3 /* FlixTests.swift */ = {isa = PBXFileReference; lastKnownFileType = sourcecode.swift; path = FlixTests.swift; sourceTree = "<group>"; };
		92175BFA21ED50DE00CED7C3 /* Info.plist */ = {isa = PBXFileReference; lastKnownFileType = text.plist.xml; path = Info.plist; sourceTree = "<group>"; };
		92175BFF21ED50DE00CED7C3 /* FlixUITests.xctest */ = {isa = PBXFileReference; explicitFileType = wrapper.cfbundle; includeInIndex = 0; path = FlixUITests.xctest; sourceTree = BUILT_PRODUCTS_DIR; };
		92175C0321ED50DE00CED7C3 /* FlixUITests.swift */ = {isa = PBXFileReference; lastKnownFileType = sourcecode.swift; path = FlixUITests.swift; sourceTree = "<group>"; };
		92175C0521ED50DE00CED7C3 /* Info.plist */ = {isa = PBXFileReference; lastKnownFileType = text.plist.xml; path = Info.plist; sourceTree = "<group>"; };
/* End PBXFileReference section */

/* Begin PBXFrameworksBuildPhase section */
		92175BDD21ED50DD00CED7C3 /* Frameworks */ = {
			isa = PBXFrameworksBuildPhase;
			buildActionMask = 2147483647;
			files = (
			);
			runOnlyForDeploymentPostprocessing = 0;
		};
		92175BF121ED50DE00CED7C3 /* Frameworks */ = {
			isa = PBXFrameworksBuildPhase;
			buildActionMask = 2147483647;
			files = (
			);
			runOnlyForDeploymentPostprocessing = 0;
		};
		92175BFC21ED50DE00CED7C3 /* Frameworks */ = {
			isa = PBXFrameworksBuildPhase;
			buildActionMask = 2147483647;
			files = (
			);
			runOnlyForDeploymentPostprocessing = 0;
		};
/* End PBXFrameworksBuildPhase section */

/* Begin PBXGroup section */
		92175BD721ED50DD00CED7C3 = {
			isa = PBXGroup;
			children = (
				92175BE221ED50DD00CED7C3 /* Flix */,
				92175BF721ED50DE00CED7C3 /* FlixTests */,
				92175C0221ED50DE00CED7C3 /* FlixUITests */,
				92175BE121ED50DD00CED7C3 /* Products */,
			);
			sourceTree = "<group>";
		};
		92175BE121ED50DD00CED7C3 /* Products */ = {
			isa = PBXGroup;
			children = (
				92175BE021ED50DD00CED7C3 /* Flix.app */,
				92175BF421ED50DE00CED7C3 /* FlixTests.xctest */,
				92175BFF21ED50DE00CED7C3 /* FlixUITests.xctest */,
			);
			name = Products;
			sourceTree = "<group>";
		};
		92175BE221ED50DD00CED7C3 /* Flix */ = {
			isa = PBXGroup;
			children = (
				92175BE321ED50DD00CED7C3 /* AppDelegate.swift */,
				92175BE521ED50DD00CED7C3 /* ViewController.swift */,
				92175BE721ED50DD00CED7C3 /* Main.storyboard */,
				92175BEA21ED50DE00CED7C3 /* Assets.xcassets */,
				92175BEC21ED50DE00CED7C3 /* LaunchScreen.storyboard */,
				92175BEF21ED50DE00CED7C3 /* Info.plist */,
			);
			path = Flix;
			sourceTree = "<group>";
		};
		92175BF721ED50DE00CED7C3 /* FlixTests */ = {
			isa = PBXGroup;
			children = (
				92175BF821ED50DE00CED7C3 /* FlixTests.swift */,
				92175BFA21ED50DE00CED7C3 /* Info.plist */,
			);
			path = FlixTests;
			sourceTree = "<group>";
		};
		92175C0221ED50DE00CED7C3 /* FlixUITests */ = {
			isa = PBXGroup;
			children = (
				92175C0321ED50DE00CED7C3 /* FlixUITests.swift */,
				92175C0521ED50DE00CED7C3 /* Info.plist */,
			);
			path = FlixUITests;
			sourceTree = "<group>";
		};
/* End PBXGroup section */

/* Begin PBXNativeTarget section */
		92175BDF21ED50DD00CED7C3 /* Flix */ = {
			isa = PBXNativeTarget;
			buildConfigurationList = 92175C0821ED50DE00CED7C3 /* Build configuration list for PBXNativeTarget "Flix" */;
			buildPhases = (
				92175BDC21ED50DD00CED7C3 /* Sources */,
				92175BDD21ED50DD00CED7C3 /* Frameworks */,
				92175BDE21ED50DD00CED7C3 /* Resources */,
			);
			buildRules = (
			);
			dependencies = (
			);
			name = Flix;
			productName = Flix;
			productReference = 92175BE021ED50DD00CED7C3 /* Flix.app */;
			productType = "com.apple.product-type.application";
		};
		92175BF321ED50DE00CED7C3 /* FlixTests */ = {
			isa = PBXNativeTarget;
			buildConfigurationList = 92175C0B21ED50DE00CED7C3 /* Build configuration list for PBXNativeTarget "FlixTests" */;
			buildPhases = (
				92175BF021ED50DE00CED7C3 /* Sources */,
				92175BF121ED50DE00CED7C3 /* Frameworks */,
				92175BF221ED50DE00CED7C3 /* Resources */,
			);
			buildRules = (
			);
			dependencies = (
				92175BF621ED50DE00CED7C3 /* PBXTargetDependency */,
			);
			name = FlixTests;
			productName = FlixTests;
			productReference = 92175BF421ED50DE00CED7C3 /* FlixTests.xctest */;
			productType = "com.apple.product-type.bundle.unit-test";
		};
		92175BFE21ED50DE00CED7C3 /* FlixUITests */ = {
			isa = PBXNativeTarget;
			buildConfigurationList = 92175C0E21ED50DE00CED7C3 /* Build configuration list for PBXNativeTarget "FlixUITests" */;
			buildPhases = (
				92175BFB21ED50DE00CED7C3 /* Sources */,
				92175BFC21ED50DE00CED7C3 /* Frameworks */,
				92175BFD21ED50DE00CED7C3 /* Resources */,
			);
			buildRules = (
			);
			dependencies = (
				92175C0121ED50DE00CED7C3 /* PBXTargetDependency */,
			);
			name = FlixUITests;
			productName = FlixUITests;
			productReference = 92175BFF21ED50DE00CED7C3 /* FlixUITests.xctest */;
			productType = "com.apple.product-type.bundle.ui-testing";
		};
/* End PBXNativeTarget section */

/* Begin PBXProject section */
		92175BD821ED50DD00CED7C3 /* Project object */ = {
			isa = PBXProject;
			attributes = {
				LastSwiftUpdateCheck = 1010;
				LastUpgradeCheck = 1010;
				ORGANIZATIONNAME = "Zach Royko";
				TargetAttributes = {
					92175BDF21ED50DD00CED7C3 = {
						CreatedOnToolsVersion = 10.1;
					};
					92175BF321ED50DE00CED7C3 = {
						CreatedOnToolsVersion = 10.1;
						TestTargetID = 92175BDF21ED50DD00CED7C3;
					};
					92175BFE21ED50DE00CED7C3 = {
						CreatedOnToolsVersion = 10.1;
						TestTargetID = 92175BDF21ED50DD00CED7C3;
					};
				};
			};
			buildConfigurationList = 92175BDB21ED50DD00CED7C3 /* Build configuration list for PBXProject "Flix" */;
			compatibilityVersion = "Xcode 9.3";
			developmentRegion = en;
			hasScannedForEncodings = 0;
			knownRegions = (
				en,
				Base,
			);
			mainGroup = 92175BD721ED50DD00CED7C3;
			productRefGroup = 92175BE121ED50DD00CED7C3 /* Products */;
			projectDirPath = "";
			projectRoot = "";
			targets = (
				92175BDF21ED50DD00CED7C3 /* Flix */,
				92175BF321ED50DE00CED7C3 /* FlixTests */,
				92175BFE21ED50DE00CED7C3 /* FlixUITests */,
			);
		};
/* End PBXProject section */

/* Begin PBXResourcesBuildPhase section */
		92175BDE21ED50DD00CED7C3 /* Resources */ = {
			isa = PBXResourcesBuildPhase;
			buildActionMask = 2147483647;
			files = (
				92175BEE21ED50DE00CED7C3 /* LaunchScreen.storyboard in Resources */,
				92175BEB21ED50DE00CED7C3 /* Assets.xcassets in Resources */,
				92175BE921ED50DD00CED7C3 /* Main.storyboard in Resources */,
			);
			runOnlyForDeploymentPostprocessing = 0;
		};
		92175BF221ED50DE00CED7C3 /* Resources */ = {
			isa = PBXResourcesBuildPhase;
			buildActionMask = 2147483647;
			files = (
			);
			runOnlyForDeploymentPostprocessing = 0;
		};
		92175BFD21ED50DE00CED7C3 /* Resources */ = {
			isa = PBXResourcesBuildPhase;
			buildActionMask = 2147483647;
			files = (
			);
			runOnlyForDeploymentPostprocessing = 0;
		};
/* End PBXResourcesBuildPhase section */

/* Begin PBXSourcesBuildPhase section */
		92175BDC21ED50DD00CED7C3 /* Sources */ = {
			isa = PBXSourcesBuildPhase;
			buildActionMask = 2147483647;
			files = (
				92175BE621ED50DD00CED7C3 /* ViewController.swift in Sources */,
				92175BE421ED50DD00CED7C3 /* AppDelegate.swift in Sources */,
			);
			runOnlyForDeploymentPostprocessing = 0;
		};
		92175BF021ED50DE00CED7C3 /* Sources */ = {
			isa = PBXSourcesBuildPhase;
			buildActionMask = 2147483647;
			files = (
				92175BF921ED50DE00CED7C3 /* FlixTests.swift in Sources */,
			);
			runOnlyForDeploymentPostprocessing = 0;
		};
		92175BFB21ED50DE00CED7C3 /* Sources */ = {
			isa = PBXSourcesBuildPhase;
			buildActionMask = 2147483647;
			files = (
				92175C0421ED50DE00CED7C3 /* FlixUITests.swift in Sources */,
			);
			runOnlyForDeploymentPostprocessing = 0;
		};
/* End PBXSourcesBuildPhase section */

/* Begin PBXTargetDependency section */
		92175BF621ED50DE00CED7C3 /* PBXTargetDependency */ = {
			isa = PBXTargetDependency;
			target = 92175BDF21ED50DD00CED7C3 /* Flix */;
			targetProxy = 92175BF521ED50DE00CED7C3 /* PBXContainerItemProxy */;
		};
		92175C0121ED50DE00CED7C3 /* PBXTargetDependency */ = {
			isa = PBXTargetDependency;
			target = 92175BDF21ED50DD00CED7C3 /* Flix */;
			targetProxy = 92175C0021ED50DE00CED7C3 /* PBXContainerItemProxy */;
		};
/* End PBXTargetDependency section */

/* Begin PBXVariantGroup section */
		92175BE721ED50DD00CED7C3 /* Main.storyboard */ = {
			isa = PBXVariantGroup;
			children = (
				92175BE821ED50DD00CED7C3 /* Base */,
			);
			name = Main.storyboard;
			sourceTree = "<group>";
		};
		92175BEC21ED50DE00CED7C3 /* LaunchScreen.storyboard */ = {
			isa = PBXVariantGroup;
			children = (
				92175BED21ED50DE00CED7C3 /* Base */,
			);
			name = LaunchScreen.storyboard;
			sourceTree = "<group>";
		};
/* End PBXVariantGroup section */

/* Begin XCBuildConfiguration section */
		92175C0621ED50DE00CED7C3 /* Debug */ = {
			isa = XCBuildConfiguration;
			buildSettings = {
				ALWAYS_SEARCH_USER_PATHS = NO;
				CLANG_ANALYZER_NONNULL = YES;
				CLANG_ANALYZER_NUMBER_OBJECT_CONVERSION = YES_AGGRESSIVE;
				CLANG_CXX_LANGUAGE_STANDARD = "gnu++14";
				CLANG_CXX_LIBRARY = "libc++";
				CLANG_ENABLE_MODULES = YES;
				CLANG_ENABLE_OBJC_ARC = YES;
				CLANG_ENABLE_OBJC_WEAK = YES;
				CLANG_WARN_BLOCK_CAPTURE_AUTORELEASING = YES;
				CLANG_WARN_BOOL_CONVERSION = YES;
				CLANG_WARN_COMMA = YES;
				CLANG_WARN_CONSTANT_CONVERSION = YES;
				CLANG_WARN_DEPRECATED_OBJC_IMPLEMENTATIONS = YES;
				CLANG_WARN_DIRECT_OBJC_ISA_USAGE = YES_ERROR;
				CLANG_WARN_DOCUMENTATION_COMMENTS = YES;
				CLANG_WARN_EMPTY_BODY = YES;
				CLANG_WARN_ENUM_CONVERSION = YES;
				CLANG_WARN_INFINITE_RECURSION = YES;
				CLANG_WARN_INT_CONVERSION = YES;
				CLANG_WARN_NON_LITERAL_NULL_CONVERSION = YES;
				CLANG_WARN_OBJC_IMPLICIT_RETAIN_SELF = YES;
				CLANG_WARN_OBJC_LITERAL_CONVERSION = YES;
				CLANG_WARN_OBJC_ROOT_CLASS = YES_ERROR;
				CLANG_WARN_RANGE_LOOP_ANALYSIS = YES;
				CLANG_WARN_STRICT_PROTOTYPES = YES;
				CLANG_WARN_SUSPICIOUS_MOVE = YES;
				CLANG_WARN_UNGUARDED_AVAILABILITY = YES_AGGRESSIVE;
				CLANG_WARN_UNREACHABLE_CODE = YES;
				CLANG_WARN__DUPLICATE_METHOD_MATCH = YES;
				CODE_SIGN_IDENTITY = "iPhone Developer";
				COPY_PHASE_STRIP = NO;
				DEBUG_INFORMATION_FORMAT = dwarf;
				ENABLE_STRICT_OBJC_MSGSEND = YES;
				ENABLE_TESTABILITY = YES;
				GCC_C_LANGUAGE_STANDARD = gnu11;
				GCC_DYNAMIC_NO_PIC = NO;
				GCC_NO_COMMON_BLOCKS = YES;
				GCC_OPTIMIZATION_LEVEL = 0;
				GCC_PREPROCESSOR_DEFINITIONS = (
					"DEBUG=1",
					"$(inherited)",
				);
				GCC_WARN_64_TO_32_BIT_CONVERSION = YES;
				GCC_WARN_ABOUT_RETURN_TYPE = YES_ERROR;
				GCC_WARN_UNDECLARED_SELECTOR = YES;
				GCC_WARN_UNINITIALIZED_AUTOS = YES_AGGRESSIVE;
				GCC_WARN_UNUSED_FUNCTION = YES;
				GCC_WARN_UNUSED_VARIABLE = YES;
				IPHONEOS_DEPLOYMENT_TARGET = 12.1;
				MTL_ENABLE_DEBUG_INFO = INCLUDE_SOURCE;
				MTL_FAST_MATH = YES;
				ONLY_ACTIVE_ARCH = YES;
				SDKROOT = iphoneos;
				SWIFT_ACTIVE_COMPILATION_CONDITIONS = DEBUG;
				SWIFT_OPTIMIZATION_LEVEL = "-Onone";
			};
			name = Debug;
		};
		92175C0721ED50DE00CED7C3 /* Release */ = {
			isa = XCBuildConfiguration;
			buildSettings = {
				ALWAYS_SEARCH_USER_PATHS = NO;
				CLANG_ANALYZER_NONNULL = YES;
				CLANG_ANALYZER_NUMBER_OBJECT_CONVERSION = YES_AGGRESSIVE;
				CLANG_CXX_LANGUAGE_STANDARD = "gnu++14";
				CLANG_CXX_LIBRARY = "libc++";
				CLANG_ENABLE_MODULES = YES;
				CLANG_ENABLE_OBJC_ARC = YES;
				CLANG_ENABLE_OBJC_WEAK = YES;
				CLANG_WARN_BLOCK_CAPTURE_AUTORELEASING = YES;
				CLANG_WARN_BOOL_CONVERSION = YES;
				CLANG_WARN_COMMA = YES;
				CLANG_WARN_CONSTANT_CONVERSION = YES;
				CLANG_WARN_DEPRECATED_OBJC_IMPLEMENTATIONS = YES;
				CLANG_WARN_DIRECT_OBJC_ISA_USAGE = YES_ERROR;
				CLANG_WARN_DOCUMENTATION_COMMENTS = YES;
				CLANG_WARN_EMPTY_BODY = YES;
				CLANG_WARN_ENUM_CONVERSION = YES;
				CLANG_WARN_INFINITE_RECURSION = YES;
				CLANG_WARN_INT_CONVERSION = YES;
				CLANG_WARN_NON_LITERAL_NULL_CONVERSION = YES;
				CLANG_WARN_OBJC_IMPLICIT_RETAIN_SELF = YES;
				CLANG_WARN_OBJC_LITERAL_CONVERSION = YES;
				CLANG_WARN_OBJC_ROOT_CLASS = YES_ERROR;
				CLANG_WARN_RANGE_LOOP_ANALYSIS = YES;
				CLANG_WARN_STRICT_PROTOTYPES = YES;
				CLANG_WARN_SUSPICIOUS_MOVE = YES;
				CLANG_WARN_UNGUARDED_AVAILABILITY = YES_AGGRESSIVE;
				CLANG_WARN_UNREACHABLE_CODE = YES;
				CLANG_WARN__DUPLICATE_METHOD_MATCH = YES;
				CODE_SIGN_IDENTITY = "iPhone Developer";
				COPY_PHASE_STRIP = NO;
				DEBUG_INFORMATION_FORMAT = "dwarf-with-dsym";
				ENABLE_NS_ASSERTIONS = NO;
				ENABLE_STRICT_OBJC_MSGSEND = YES;
				GCC_C_LANGUAGE_STANDARD = gnu11;
				GCC_NO_COMMON_BLOCKS = YES;
				GCC_WARN_64_TO_32_BIT_CONVERSION = YES;
				GCC_WARN_ABOUT_RETURN_TYPE = YES_ERROR;
				GCC_WARN_UNDECLARED_SELECTOR = YES;
				GCC_WARN_UNINITIALIZED_AUTOS = YES_AGGRESSIVE;
				GCC_WARN_UNUSED_FUNCTION = YES;
				GCC_WARN_UNUSED_VARIABLE = YES;
				IPHONEOS_DEPLOYMENT_TARGET = 12.1;
				MTL_ENABLE_DEBUG_INFO = NO;
				MTL_FAST_MATH = YES;
				SDKROOT = iphoneos;
				SWIFT_COMPILATION_MODE = wholemodule;
				SWIFT_OPTIMIZATION_LEVEL = "-O";
				VALIDATE_PRODUCT = YES;
			};
			name = Release;
		};
		92175C0921ED50DE00CED7C3 /* Debug */ = {
			isa = XCBuildConfiguration;
			buildSettings = {
				ASSETCATALOG_COMPILER_APPICON_NAME = AppIcon;
				CODE_SIGN_STYLE = Automatic;
				INFOPLIST_FILE = Flix/Info.plist;
				LD_RUNPATH_SEARCH_PATHS = (
					"$(inherited)",
					"@executable_path/Frameworks",
				);
				PRODUCT_BUNDLE_IDENTIFIER = zroyko.Flix;
				PRODUCT_NAME = "$(TARGET_NAME)";
				SWIFT_VERSION = 4.2;
				TARGETED_DEVICE_FAMILY = "1,2";
			};
			name = Debug;
		};
		92175C0A21ED50DE00CED7C3 /* Release */ = {
			isa = XCBuildConfiguration;
			buildSettings = {
				ASSETCATALOG_COMPILER_APPICON_NAME = AppIcon;
				CODE_SIGN_STYLE = Automatic;
				INFOPLIST_FILE = Flix/Info.plist;
				LD_RUNPATH_SEARCH_PATHS = (
					"$(inherited)",
					"@executable_path/Frameworks",
				);
				PRODUCT_BUNDLE_IDENTIFIER = zroyko.Flix;
				PRODUCT_NAME = "$(TARGET_NAME)";
				SWIFT_VERSION = 4.2;
				TARGETED_DEVICE_FAMILY = "1,2";
			};
			name = Release;
		};
		92175C0C21ED50DE00CED7C3 /* Debug */ = {
			isa = XCBuildConfiguration;
			buildSettings = {
				ALWAYS_EMBED_SWIFT_STANDARD_LIBRARIES = YES;
				BUNDLE_LOADER = "$(TEST_HOST)";
				CODE_SIGN_STYLE = Automatic;
				INFOPLIST_FILE = FlixTests/Info.plist;
				LD_RUNPATH_SEARCH_PATHS = (
					"$(inherited)",
					"@executable_path/Frameworks",
					"@loader_path/Frameworks",
				);
				PRODUCT_BUNDLE_IDENTIFIER = zroyko.FlixTests;
				PRODUCT_NAME = "$(TARGET_NAME)";
				SWIFT_VERSION = 4.2;
				TARGETED_DEVICE_FAMILY = "1,2";
				TEST_HOST = "$(BUILT_PRODUCTS_DIR)/Flix.app/Flix";
			};
			name = Debug;
		};
		92175C0D21ED50DE00CED7C3 /* Release */ = {
			isa = XCBuildConfiguration;
			buildSettings = {
				ALWAYS_EMBED_SWIFT_STANDARD_LIBRARIES = YES;
				BUNDLE_LOADER = "$(TEST_HOST)";
				CODE_SIGN_STYLE = Automatic;
				INFOPLIST_FILE = FlixTests/Info.plist;
				LD_RUNPATH_SEARCH_PATHS = (
					"$(inherited)",
					"@executable_path/Frameworks",
					"@loader_path/Frameworks",
				);
				PRODUCT_BUNDLE_IDENTIFIER = zroyko.FlixTests;
				PRODUCT_NAME = "$(TARGET_NAME)";
				SWIFT_VERSION = 4.2;
				TARGETED_DEVICE_FAMILY = "1,2";
				TEST_HOST = "$(BUILT_PRODUCTS_DIR)/Flix.app/Flix";
			};
			name = Release;
		};
		92175C0F21ED50DE00CED7C3 /* Debug */ = {
			isa = XCBuildConfiguration;
			buildSettings = {
				ALWAYS_EMBED_SWIFT_STANDARD_LIBRARIES = YES;
				CODE_SIGN_STYLE = Automatic;
				INFOPLIST_FILE = FlixUITests/Info.plist;
				LD_RUNPATH_SEARCH_PATHS = (
					"$(inherited)",
					"@executable_path/Frameworks",
					"@loader_path/Frameworks",
				);
				PRODUCT_BUNDLE_IDENTIFIER = zroyko.FlixUITests;
				PRODUCT_NAME = "$(TARGET_NAME)";
				SWIFT_VERSION = 4.2;
				TARGETED_DEVICE_FAMILY = "1,2";
				TEST_TARGET_NAME = Flix;
			};
			name = Debug;
		};
		92175C1021ED50DE00CED7C3 /* Release */ = {
			isa = XCBuildConfiguration;
			buildSettings = {
				ALWAYS_EMBED_SWIFT_STANDARD_LIBRARIES = YES;
				CODE_SIGN_STYLE = Automatic;
				INFOPLIST_FILE = FlixUITests/Info.plist;
				LD_RUNPATH_SEARCH_PATHS = (
					"$(inherited)",
					"@executable_path/Frameworks",
					"@loader_path/Frameworks",
				);
				PRODUCT_BUNDLE_IDENTIFIER = zroyko.FlixUITests;
				PRODUCT_NAME = "$(TARGET_NAME)";
				SWIFT_VERSION = 4.2;
				TARGETED_DEVICE_FAMILY = "1,2";
				TEST_TARGET_NAME = Flix;
			};
			name = Release;
		};
/* End XCBuildConfiguration section */

/* Begin XCConfigurationList section */
		92175BDB21ED50DD00CED7C3 /* Build configuration list for PBXProject "Flix" */ = {
			isa = XCConfigurationList;
			buildConfigurations = (
				92175C0621ED50DE00CED7C3 /* Debug */,
				92175C0721ED50DE00CED7C3 /* Release */,
			);
			defaultConfigurationIsVisible = 0;
			defaultConfigurationName = Release;
		};
		92175C0821ED50DE00CED7C3 /* Build configuration list for PBXNativeTarget "Flix" */ = {
			isa = XCConfigurationList;
			buildConfigurations = (
				92175C0921ED50DE00CED7C3 /* Debug */,
				92175C0A21ED50DE00CED7C3 /* Release */,
			);
			defaultConfigurationIsVisible = 0;
			defaultConfigurationName = Release;
		};
		92175C0B21ED50DE00CED7C3 /* Build configuration list for PBXNativeTarget "FlixTests" */ = {
			isa = XCConfigurationList;
			buildConfigurations = (
				92175C0C21ED50DE00CED7C3 /* Debug */,
				92175C0D21ED50DE00CED7C3 /* Release */,
			);
			defaultConfigurationIsVisible = 0;
			defaultConfigurationName = Release;
		};
		92175C0E21ED50DE00CED7C3 /* Build configuration list for PBXNativeTarget "FlixUITests" */ = {
			isa = XCConfigurationList;
			buildConfigurations = (
				92175C0F21ED50DE00CED7C3 /* Debug */,
				92175C1021ED50DE00CED7C3 /* Release */,
			);
			defaultConfigurationIsVisible = 0;
			defaultConfigurationName = Release;
		};
/* End XCConfigurationList section */
	};
	rootObject = 92175BD821ED50DD00CED7C3 /* Project object */;
}
